
Microsoft Visual Studio Solution File, Format Version 12.00
# Visual Studio Version 16
VisualStudioVersion = 16.0.30330.147
MinimumVisualStudioVersion = 10.0.40219.1
Project("{2150E333-8FDC-42A3-9474-1A3956D46DE8}") = "App", "App", "{EE08F88F-5C66-429E-B326-809BC4580E04}"
EndProject
Project("{9A19103F-16F7-4668-BE54-9A1E7A4F7556}") = "Classbook.App", "App\Classbook.App\Classbook.App.csproj", "{D3B82EAF-0EB4-47D0-A26D-81CFB81540B9}"
EndProject
Project("{2150E333-8FDC-42A3-9474-1A3956D46DE8}") = "Data", "Data", "{C117DFA5-F9F7-456C-8C4A-A652B5BBA017}"
EndProject
Project("{2150E333-8FDC-42A3-9474-1A3956D46DE8}") = "Services", "Services", "{CF7F9B47-7215-42BF-83CC-47C9E9AC1DDB}"
EndProject
Project("{9A19103F-16F7-4668-BE54-9A1E7A4F7556}") = "Classbook.Data", "Data\Classbook.Data\Classbook.Data.csproj", "{56D11D6A-25A0-4536-8BD2-2426AAF24292}"
EndProject
Project("{9A19103F-16F7-4668-BE54-9A1E7A4F7556}") = "Classbook.Data.Models", "Data\Classbook.Data.Models\Classbook.Data.Models.csproj", "{7005994D-8574-45BC-83F2-125B66DF11D8}"
EndProject
Project("{9A19103F-16F7-4668-BE54-9A1E7A4F7556}") = "Classbook.App.Models", "App\Classbook.App.Models\Classbook.App.Models.csproj", "{33CC7ED9-581B-48D7-A659-1DECB5364B4C}"
EndProject
Project("{9A19103F-16F7-4668-BE54-9A1E7A4F7556}") = "Sandbox", "Services\Sandbox\Sandbox.csproj", "{11EA7EE5-3F70-4665-8751-A19FB8F016A5}"
EndProject
Project("{9A19103F-16F7-4668-BE54-9A1E7A4F7556}") = "Classbook.Data.Common", "Data\Classbook.Data.Common\Classbook.Data.Common.csproj", "{E50BDC5C-6DC1-4AEB-A5C0-DCD47C6F8B30}"
EndProject
Project("{9A19103F-16F7-4668-BE54-9A1E7A4F7556}") = "Classbook.Services.Models", "Services\Classbook.Services.Models\Classbook.Services.Models.csproj", "{8A9B4E4B-FAD4-4DEA-901F-A39A546C719C}"
EndProject
Project("{9A19103F-16F7-4668-BE54-9A1E7A4F7556}") = "Classbook.Services.Data", "Services\Classbook.Services.Data\Classbook.Services.Data.csproj", "{E3D6C031-AB7D-434C-BAC3-B8211117F9FC}"
EndProject
Project("{9A19103F-16F7-4668-BE54-9A1E7A4F7556}") = "Classbook.Common", "Classbook.Common\Classbook.Common.csproj", "{DE29CD5A-677E-4F48-8BF0-F4360D5B44C9}"
EndProject
Project("{9A19103F-16F7-4668-BE54-9A1E7A4F7556}") = "Classbook.App.Infrastructure", "App\Classbook.App.Infrastructure\Classbook.App.Infrastructure.csproj", "{CABFDFA2-B459-4428-85EA-7CB856CF8940}"
EndProject
Project("{FAE04EC0-301F-11D3-BF4B-00C04F79EFBC}") = "Classook.Services.Mapping", "Services\Classook.Services.Mapping\Classook.Services.Mapping.csproj", "{C30FCD86-E212-4DC3-A150-D1BF48FB2356}"
EndProject
Global
	GlobalSection(SolutionConfigurationPlatforms) = preSolution
		Debug|Any CPU = Debug|Any CPU
		Release|Any CPU = Release|Any CPU
	EndGlobalSection
	GlobalSection(ProjectConfigurationPlatforms) = postSolution
		{D3B82EAF-0EB4-47D0-A26D-81CFB81540B9}.Debug|Any CPU.ActiveCfg = Debug|Any CPU
		{D3B82EAF-0EB4-47D0-A26D-81CFB81540B9}.Debug|Any CPU.Build.0 = Debug|Any CPU
		{D3B82EAF-0EB4-47D0-A26D-81CFB81540B9}.Release|Any CPU.ActiveCfg = Release|Any CPU
		{D3B82EAF-0EB4-47D0-A26D-81CFB81540B9}.Release|Any CPU.Build.0 = Release|Any CPU
		{56D11D6A-25A0-4536-8BD2-2426AAF24292}.Debug|Any CPU.ActiveCfg = Debug|Any CPU
		{56D11D6A-25A0-4536-8BD2-2426AAF24292}.Debug|Any CPU.Build.0 = Debug|Any CPU
		{56D11D6A-25A0-4536-8BD2-2426AAF24292}.Release|Any CPU.ActiveCfg = Release|Any CPU
		{56D11D6A-25A0-4536-8BD2-2426AAF24292}.Release|Any CPU.Build.0 = Release|Any CPU
		{7005994D-8574-45BC-83F2-125B66DF11D8}.Debug|Any CPU.ActiveCfg = Debug|Any CPU
		{7005994D-8574-45BC-83F2-125B66DF11D8}.Debug|Any CPU.Build.0 = Debug|Any CPU
		{7005994D-8574-45BC-83F2-125B66DF11D8}.Release|Any CPU.ActiveCfg = Release|Any CPU
		{7005994D-8574-45BC-83F2-125B66DF11D8}.Release|Any CPU.Build.0 = Release|Any CPU
		{33CC7ED9-581B-48D7-A659-1DECB5364B4C}.Debug|Any CPU.ActiveCfg = Debug|Any CPU
		{33CC7ED9-581B-48D7-A659-1DECB5364B4C}.Debug|Any CPU.Build.0 = Debug|Any CPU
		{33CC7ED9-581B-48D7-A659-1DECB5364B4C}.Release|Any CPU.ActiveCfg = Release|Any CPU
		{33CC7ED9-581B-48D7-A659-1DECB5364B4C}.Release|Any CPU.Build.0 = Release|Any CPU
		{11EA7EE5-3F70-4665-8751-A19FB8F016A5}.Debug|Any CPU.ActiveCfg = Debug|Any CPU
		{11EA7EE5-3F70-4665-8751-A19FB8F016A5}.Debug|Any CPU.Build.0 = Debug|Any CPU
		{11EA7EE5-3F70-4665-8751-A19FB8F016A5}.Release|Any CPU.ActiveCfg = Release|Any CPU
		{11EA7EE5-3F70-4665-8751-A19FB8F016A5}.Release|Any CPU.Build.0 = Release|Any CPU
		{E50BDC5C-6DC1-4AEB-A5C0-DCD47C6F8B30}.Debug|Any CPU.ActiveCfg = Debug|Any CPU
		{E50BDC5C-6DC1-4AEB-A5C0-DCD47C6F8B30}.Debug|Any CPU.Build.0 = Debug|Any CPU
		{E50BDC5C-6DC1-4AEB-A5C0-DCD47C6F8B30}.Release|Any CPU.ActiveCfg = Release|Any CPU
		{E50BDC5C-6DC1-4AEB-A5C0-DCD47C6F8B30}.Release|Any CPU.Build.0 = Release|Any CPU
		{8A9B4E4B-FAD4-4DEA-901F-A39A546C719C}.Debug|Any CPU.ActiveCfg = Debug|Any CPU
		{8A9B4E4B-FAD4-4DEA-901F-A39A546C719C}.Debug|Any CPU.Build.0 = Debug|Any CPU
		{8A9B4E4B-FAD4-4DEA-901F-A39A546C719C}.Release|Any CPU.ActiveCfg = Release|Any CPU
		{8A9B4E4B-FAD4-4DEA-901F-A39A546C719C}.Release|Any CPU.Build.0 = Release|Any CPU
		{E3D6C031-AB7D-434C-BAC3-B8211117F9FC}.Debug|Any CPU.ActiveCfg = Debug|Any CPU
		{E3D6C031-AB7D-434C-BAC3-B8211117F9FC}.Debug|Any CPU.Build.0 = Debug|Any CPU
		{E3D6C031-AB7D-434C-BAC3-B8211117F9FC}.Release|Any CPU.ActiveCfg = Release|Any CPU
		{E3D6C031-AB7D-434C-BAC3-B8211117F9FC}.Release|Any CPU.Build.0 = Release|Any CPU
		{DE29CD5A-677E-4F48-8BF0-F4360D5B44C9}.Debug|Any CPU.ActiveCfg = Debug|Any CPU
		{DE29CD5A-677E-4F48-8BF0-F4360D5B44C9}.Debug|Any CPU.Build.0 = Debug|Any CPU
		{DE29CD5A-677E-4F48-8BF0-F4360D5B44C9}.Release|Any CPU.ActiveCfg = Release|Any CPU
		{DE29CD5A-677E-4F48-8BF0-F4360D5B44C9}.Release|Any CPU.Build.0 = Release|Any CPU
		{CABFDFA2-B459-4428-85EA-7CB856CF8940}.Debug|Any CPU.ActiveCfg = Debug|Any CPU
		{CABFDFA2-B459-4428-85EA-7CB856CF8940}.Debug|Any CPU.Build.0 = Debug|Any CPU
		{CABFDFA2-B459-4428-85EA-7CB856CF8940}.Release|Any CPU.ActiveCfg = Release|Any CPU
		{CABFDFA2-B459-4428-85EA-7CB856CF8940}.Release|Any CPU.Build.0 = Release|Any CPU
		{C30FCD86-E212-4DC3-A150-D1BF48FB2356}.Debug|Any CPU.ActiveCfg = Debug|Any CPU
		{C30FCD86-E212-4DC3-A150-D1BF48FB2356}.Debug|Any CPU.Build.0 = Debug|Any CPU
		{C30FCD86-E212-4DC3-A150-D1BF48FB2356}.Release|Any CPU.ActiveCfg = Release|Any CPU
		{C30FCD86-E212-4DC3-A150-D1BF48FB2356}.Release|Any CPU.Build.0 = Release|Any CPU
	EndGlobalSection
	GlobalSection(SolutionProperties) = preSolution
		HideSolutionNode = FALSE
	EndGlobalSection
	GlobalSection(NestedProjects) = preSolution
		{D3B82EAF-0EB4-47D0-A26D-81CFB81540B9} = {EE08F88F-5C66-429E-B326-809BC4580E04}
		{56D11D6A-25A0-4536-8BD2-2426AAF24292} = {C117DFA5-F9F7-456C-8C4A-A652B5BBA017}
		{7005994D-8574-45BC-83F2-125B66DF11D8} = {C117DFA5-F9F7-456C-8C4A-A652B5BBA017}
		{33CC7ED9-581B-48D7-A659-1DECB5364B4C} = {EE08F88F-5C66-429E-B326-809BC4580E04}
		{11EA7EE5-3F70-4665-8751-A19FB8F016A5} = {CF7F9B47-7215-42BF-83CC-47C9E9AC1DDB}
		{E50BDC5C-6DC1-4AEB-A5C0-DCD47C6F8B30} = {C117DFA5-F9F7-456C-8C4A-A652B5BBA017}
		{8A9B4E4B-FAD4-4DEA-901F-A39A546C719C} = {CF7F9B47-7215-42BF-83CC-47C9E9AC1DDB}
		{E3D6C031-AB7D-434C-BAC3-B8211117F9FC} = {CF7F9B47-7215-42BF-83CC-47C9E9AC1DDB}
		{CABFDFA2-B459-4428-85EA-7CB856CF8940} = {EE08F88F-5C66-429E-B326-809BC4580E04}
		{C30FCD86-E212-4DC3-A150-D1BF48FB2356} = {CF7F9B47-7215-42BF-83CC-47C9E9AC1DDB}
	EndGlobalSection
	GlobalSection(ExtensibilityGlobals) = postSolution
		SolutionGuid = {3870068F-93AB-41E9-A3EC-D4A41288F260}
	EndGlobalSection
EndGlobal
